
Microsoft Visual Studio Solution File, Format Version 12.00
# Visual Studio 2013
VisualStudioVersion = 12.0.40629.0
MinimumVisualStudioVersion = 10.0.40219.1
Project("{FAE04EC0-301F-11D3-BF4B-00C04F79EFBC}") = "StudentSystem.Models", "StudentSystem.Models\StudentSystem.Models.csproj", "{D7E28AB3-3ABA-42A9-A135-26CC09F10001}"
EndProject
Project("{FAE04EC0-301F-11D3-BF4B-00C04F79EFBC}") = "StudentSystem.Data", "StudentSystem.Data\StudentSystem.Data.csproj", "{FF80D228-6610-4776-BDCA-CB61903EF5BC}"
EndProject
Project("{FAE04EC0-301F-11D3-BF4B-00C04F79EFBC}") = "StudentSystem.ConsoleClient", "StudentSystem.ConsoleClient\StudentSystem.ConsoleClient.csproj", "{1940988D-4AEE-4D50-9CE9-4C2D493BCD2A}"
EndProject
Global
	GlobalSection(SolutionConfigurationPlatforms) = preSolution
		Debug|Any CPU = Debug|Any CPU
		Release|Any CPU = Release|Any CPU
	EndGlobalSection
	GlobalSection(ProjectConfigurationPlatforms) = postSolution
		{D7E28AB3-3ABA-42A9-A135-26CC09F10001}.Debug|Any CPU.ActiveCfg = Debug|Any CPU
		{D7E28AB3-3ABA-42A9-A135-26CC09F10001}.Debug|Any CPU.Build.0 = Debug|Any CPU
		{D7E28AB3-3ABA-42A9-A135-26CC09F10001}.Release|Any CPU.ActiveCfg = Release|Any CPU
		{D7E28AB3-3ABA-42A9-A135-26CC09F10001}.Release|Any CPU.Build.0 = Release|Any CPU
		{FF80D228-6610-4776-BDCA-CB61903EF5BC}.Debug|Any CPU.ActiveCfg = Debug|Any CPU
		{FF80D228-6610-4776-BDCA-CB61903EF5BC}.Debug|Any CPU.Build.0 = Debug|Any CPU
		{FF80D228-6610-4776-BDCA-CB61903EF5BC}.Release|Any CPU.ActiveCfg = Release|Any CPU
		{FF80D228-6610-4776-BDCA-CB61903EF5BC}.Release|Any CPU.Build.0 = Release|Any CPU
		{1940988D-4AEE-4D50-9CE9-4C2D493BCD2A}.Debug|Any CPU.ActiveCfg = Debug|Any CPU
		{1940988D-4AEE-4D50-9CE9-4C2D493BCD2A}.Debug|Any CPU.Build.0 = Debug|Any CPU
		{1940988D-4AEE-4D50-9CE9-4C2D493BCD2A}.Release|Any CPU.ActiveCfg = Release|Any CPU
		{1940988D-4AEE-4D50-9CE9-4C2D493BCD2A}.Release|Any CPU.Build.0 = Release|Any CPU
	EndGlobalSection
	GlobalSection(SolutionProperties) = preSolution
		HideSolutionNode = FALSE
	EndGlobalSection
EndGlobal
